
Microsoft Visual Studio Solution File, Format Version 12.00
# Visual Studio 2013
VisualStudioVersion = 12.0.21005.1
MinimumVisualStudioVersion = 10.0.40219.1
Project("{FAE04EC0-301F-11D3-BF4B-00C04F79EFBC}") = "multishopbd", "multishopbd\multishopbd.csproj", "{FBF28791-A6FA-476C-A8B6-BF9A4A6431C6}"
EndProject
Project("{FAE04EC0-301F-11D3-BF4B-00C04F79EFBC}") = "multishopbd.Tests", "multishopbd.Tests\multishopbd.Tests.csproj", "{1AC32EE9-A82C-4844-A4B2-C2BBDA8FE07D}"
EndProject
Global
	GlobalSection(SolutionConfigurationPlatforms) = preSolution
		Debug|Any CPU = Debug|Any CPU
		Release|Any CPU = Release|Any CPU
	EndGlobalSection
	GlobalSection(ProjectConfigurationPlatforms) = postSolution
		{FBF28791-A6FA-476C-A8B6-BF9A4A6431C6}.Debug|Any CPU.ActiveCfg = Debug|Any CPU
		{FBF28791-A6FA-476C-A8B6-BF9A4A6431C6}.Debug|Any CPU.Build.0 = Debug|Any CPU
		{FBF28791-A6FA-476C-A8B6-BF9A4A6431C6}.Release|Any CPU.ActiveCfg = Release|Any CPU
		{FBF28791-A6FA-476C-A8B6-BF9A4A6431C6}.Release|Any CPU.Build.0 = Release|Any CPU
		{1AC32EE9-A82C-4844-A4B2-C2BBDA8FE07D}.Debug|Any CPU.ActiveCfg = Debug|Any CPU
		{1AC32EE9-A82C-4844-A4B2-C2BBDA8FE07D}.Debug|Any CPU.Build.0 = Debug|Any CPU
		{1AC32EE9-A82C-4844-A4B2-C2BBDA8FE07D}.Release|Any CPU.ActiveCfg = Release|Any CPU
		{1AC32EE9-A82C-4844-A4B2-C2BBDA8FE07D}.Release|Any CPU.Build.0 = Release|Any CPU
	EndGlobalSection
	GlobalSection(SolutionProperties) = preSolution
		HideSolutionNode = FALSE
	EndGlobalSection
EndGlobal
